schema: '2.0'
stages:
  download_hugging_kaggle:
    cmd: python -m recruitair.data.download_raw_dataset
    deps:
    - path: recruitair/config/data_download_config.py
      hash: md5
      md5: dca128a9d37e916ee0fe91c2babb390e
      size: 299
    - path: recruitair/data/download_raw_dataset.py
      hash: md5
      md5: 82bfcaa877ee5e7d5c93f44549f83e3c
      size: 3343
    outs:
    - path: data/raw/job-skill-set.csv
      hash: md5
      md5: 91aae8929ba2216f5f7df451583e5b7c
      size: 4910232
    - path: data/raw/raw_jsons/
      hash: md5
      md5: d93d60248b2ec8721ebe15a333535407.dir
      size: 13682579
      nfiles: 1032
    - path: data/raw/recruitment.csv
      hash: md5
      md5: 5e02647bac4970269470190ad4978148
      size: 10156046
  preprocess_json:
    cmd: python -m recruitair.data.preprocess_json
    deps:
    - path: data/raw/raw_jsons/
      hash: md5
      md5: d93d60248b2ec8721ebe15a333535407.dir
      size: 13682579
      nfiles: 1032
    - path: recruitair/config/data_preprocess_config.py
      hash: md5
      md5: fe1a3527e89bff03996febf3c431e530
      size: 207
    - path: recruitair/data/preprocess_json.py
      hash: md5
      md5: 0b600a0efad2207eda8421f7baa0a5fa
      size: 3170
    outs:
    - path: data/interim/preprocessed_jobs.jsonl
      hash: md5
      md5: 22206e404ab437b0636b82def69e0055
      size: 1701131
  split_data:
    cmd: python -m recruitair.data.split_data
    deps:
    - path: data/interim/preprocessed_jobs.jsonl
      hash: md5
      md5: 22206e404ab437b0636b82def69e0055
      size: 1701131
    - path: recruitair/config.py
      hash: md5
      md5: 2d1880b82824b89214c8044ace985547
      size: 922
    - path: recruitair/data/split_data.py
      hash: md5
      md5: 4e2517aa782c815b3f46dd4b7f0ac4ec
      size: 1880
    outs:
    - path: data/processed/test.jsonl
      hash: md5
      md5: 72aebda07c3fd5fea393f5e4eadb2f29
      size: 169504
    - path: data/processed/train.jsonl
      hash: md5
      md5: e209cfc2f9b8db4a15243c409bc6245e
      size: 1174667
    - path: data/processed/validation.jsonl
      hash: md5
      md5: 42238616b845017b1c82ff5a146370bd
      size: 336961
